// !$*UTF8*$!
{
	archiveVersion = 1;
	classes = {
	};
	objectVersion = 46;
	objects = {

/* Begin PBXBuildFile section */
		501D2AC11F4E8DD0000E3FA3 /* AppDelegate.swift in Sources */ = {isa = PBXBuildFile; fileRef = 501D2AC01F4E8DD0000E3FA3 /* AppDelegate.swift */; };
		501D2AC31F4E8DD0000E3FA3 /* ViewController.swift in Sources */ = {isa = PBXBuildFile; fileRef = 501D2AC21F4E8DD0000E3FA3 /* ViewController.swift */; };
		501D2AC61F4E8DD0000E3FA3 /* Main.storyboard in Resources */ = {isa = PBXBuildFile; fileRef = 501D2AC41F4E8DD0000E3FA3 /* Main.storyboard */; };
		501D2AC81F4E8DD0000E3FA3 /* Assets.xcassets in Resources */ = {isa = PBXBuildFile; fileRef = 501D2AC71F4E8DD0000E3FA3 /* Assets.xcassets */; };
		501D2ACB1F4E8DD0000E3FA3 /* LaunchScreen.storyboard in Resources */ = {isa = PBXBuildFile; fileRef = 501D2AC91F4E8DD0000E3FA3 /* LaunchScreen.storyboard */; };
		501D2ADB1F4E8DF5000E3FA3 /* WebService.h in Headers */ = {isa = PBXBuildFile; fileRef = 501D2AD91F4E8DF5000E3FA3 /* WebService.h */; settings = {ATTRIBUTES = (Public, ); }; };
		501D2ADE1F4E8DF5000E3FA3 /* WebServiceSwift.framework in Frameworks */ = {isa = PBXBuildFile; fileRef = 501D2AD71F4E8DF5000E3FA3 /* WebServiceSwift.framework */; };
		501D2ADF1F4E8DF5000E3FA3 /* WebServiceSwift.framework in Embed Frameworks */ = {isa = PBXBuildFile; fileRef = 501D2AD71F4E8DF5000E3FA3 /* WebServiceSwift.framework */; settings = {ATTRIBUTES = (CodeSignOnCopy, RemoveHeadersOnCopy, ); }; };
		501D2AF11F518762000E3FA3 /* SiteWebServiceRequests.swift in Sources */ = {isa = PBXBuildFile; fileRef = 501D2AED1F4E9BE5000E3FA3 /* SiteWebServiceRequests.swift */; };
		501D2AF21F5188CC000E3FA3 /* WebServiceHtmlGateway.swift in Sources */ = {isa = PBXBuildFile; fileRef = 501D2AEF1F4EA1EC000E3FA3 /* WebServiceHtmlGateway.swift */; };
		505528A82107925800D57FC4 /* WebServiceHtmlV2Gateway.swift in Sources */ = {isa = PBXBuildFile; fileRef = 505528A72107925800D57FC4 /* WebServiceHtmlV2Gateway.swift */; };
		50AB6AB020883C2F00C1E093 /* SiteWebProvider.swift in Sources */ = {isa = PBXBuildFile; fileRef = 50AB6AAF20883C2F00C1E093 /* SiteWebProvider.swift */; };
		50AB6AB220883F3100C1E093 /* WebService.swift in Sources */ = {isa = PBXBuildFile; fileRef = 50AB6AB120883F3100C1E093 /* WebService.swift */; };
		50E9C1BF21077598003E6D4E /* SiteWebServiceHTMLHandler.swift in Sources */ = {isa = PBXBuildFile; fileRef = 50E9C1BE21077598003E6D4E /* SiteWebServiceHTMLHandler.swift */; };
		50E9C1C12107765A003E6D4E /* SiteWebServiceSimpleHandler.swift in Sources */ = {isa = PBXBuildFile; fileRef = 50E9C1C02107765A003E6D4E /* SiteWebServiceSimpleHandler.swift */; };
		50E9C1C321077730003E6D4E /* SiteWebServiceAlamofireHandler.swift in Sources */ = {isa = PBXBuildFile; fileRef = 50E9C1C221077730003E6D4E /* SiteWebServiceAlamofireHandler.swift */; };
		50E9C1C5210777A7003E6D4E /* SiteWebServiceMock.swift in Sources */ = {isa = PBXBuildFile; fileRef = 50E9C1C4210777A7003E6D4E /* SiteWebServiceMock.swift */; };
		50E9C1C721077979003E6D4E /* SiteWebServiceStoring.swift in Sources */ = {isa = PBXBuildFile; fileRef = 50E9C1C621077979003E6D4E /* SiteWebServiceStoring.swift */; };
		61461D4A3EF74DD8EA170CF1 /* libPods-WebServiceExample.a in Frameworks */ = {isa = PBXBuildFile; fileRef = 097DC5181F8BC28E4BC049B9 /* libPods-WebServiceExample.a */; };
		8801FA572382F40A0058B26E /* DispatchQueueLock.swift in Sources */ = {isa = PBXBuildFile; fileRef = 8801FA562382F40A0058B26E /* DispatchQueueLock.swift */; };
		8810AF952335485600546DBF /* NetworkPerfomer.swift in Sources */ = {isa = PBXBuildFile; fileRef = 8810AF942335485600546DBF /* NetworkPerfomer.swift */; };
		8810AF972335493700546DBF /* NetworkRequestPerfomer.swift in Sources */ = {isa = PBXBuildFile; fileRef = 8810AF962335493700546DBF /* NetworkRequestPerfomer.swift */; };
		8843E6F923181C6D00131390 /* Gateway.swift in Sources */ = {isa = PBXBuildFile; fileRef = 88E597CB22DE2CBE00CDAA90 /* Gateway.swift */; };
		8843E6FA23181C6F00131390 /* Storage.swift in Sources */ = {isa = PBXBuildFile; fileRef = 88E597CD22DE792500CDAA90 /* Storage.swift */; };
		8843E6FB2318233E00131390 /* CommonStoring.swift in Sources */ = {isa = PBXBuildFile; fileRef = 88E59A7522E85AB100CDAA90 /* CommonStoring.swift */; };
		884F84D22301BA29000D20BE /* StoragesManager.swift in Sources */ = {isa = PBXBuildFile; fileRef = 884F84D12301BA29000D20BE /* StoragesManager.swift */; };
		884F862A23058E6F000D20BE /* Tasks.swift in Sources */ = {isa = PBXBuildFile; fileRef = 884F862923058E6F000D20BE /* Tasks.swift */; };
		8853EF2222EA0AF200C93531 /* GatewaysManager.swift in Sources */ = {isa = PBXBuildFile; fileRef = 8853EF2122EA0AF200C93531 /* GatewaysManager.swift */; };
		887612FB233515C300B27525 /* Requests.swift in Sources */ = {isa = PBXBuildFile; fileRef = 887612FA233515C200B27525 /* Requests.swift */; };
		887612FD233515F800B27525 /* Errors.swift in Sources */ = {isa = PBXBuildFile; fileRef = 887612FC233515F800B27525 /* Errors.swift */; };
		887612FF2335162700B27525 /* Response.swift in Sources */ = {isa = PBXBuildFile; fileRef = 887612FE2335162700B27525 /* Response.swift */; };
		888B5A5A231D6DBA00BCD804 /* Session.swift in Sources */ = {isa = PBXBuildFile; fileRef = 888B5A22231D670800BCD804 /* Session.swift */; };
		888B5A77231FD6ED00BCD804 /* TasksStorage.swift in Sources */ = {isa = PBXBuildFile; fileRef = 888B5A76231FD6ED00BCD804 /* TasksStorage.swift */; };
		88B3D13222F88A720096B332 /* NetworkIndicator.swift in Sources */ = {isa = PBXBuildFile; fileRef = 88B3D13122F88A720096B332 /* NetworkIndicator.swift */; };
		88C8532523351765002E883B /* RequestFilter.swift in Sources */ = {isa = PBXBuildFile; fileRef = 88C8532423351765002E883B /* RequestFilter.swift */; };
		88C85327233517DE002E883B /* GeneralTypes.swift in Sources */ = {isa = PBXBuildFile; fileRef = 88C85326233517DE002E883B /* GeneralTypes.swift */; };
		F7FE9D6708B7621E6DEBF692 /* libPods-WebServiceSwift.a in Frameworks */ = {isa = PBXBuildFile; fileRef = 24A0CD2C446B67E36EF3409D /* libPods-WebServiceSwift.a */; };
/* End PBXBuildFile section */

/* Begin PBXContainerItemProxy section */
		501D2ADC1F4E8DF5000E3FA3 /* PBXContainerItemProxy */ = {
			isa = PBXContainerItemProxy;
			containerPortal = 501D2AB51F4E8DD0000E3FA3 /* Project object */;
			proxyType = 1;
			remoteGlobalIDString = 501D2AD61F4E8DF5000E3FA3;
			remoteInfo = WebService;
		};
/* End PBXContainerItemProxy section */

/* Begin PBXCopyFilesBuildPhase section */
		501D2AE31F4E8DF5000E3FA3 /* Embed Frameworks */ = {
			isa = PBXCopyFilesBuildPhase;
			buildActionMask = 2147483647;
			dstPath = "";
			dstSubfolderSpec = 10;
			files = (
				501D2ADF1F4E8DF5000E3FA3 /* WebServiceSwift.framework in Embed Frameworks */,
			);
			name = "Embed Frameworks";
			runOnlyForDeploymentPostprocessing = 0;
		};
/* End PBXCopyFilesBuildPhase section */

/* Begin PBXFileReference section */
		097DC5181F8BC28E4BC049B9 /* libPods-WebServiceExample.a */ = {isa = PBXFileReference; explicitFileType = archive.ar; includeInIndex = 0; path = "libPods-WebServiceExample.a"; sourceTree = BUILT_PRODUCTS_DIR; };
		24A0CD2C446B67E36EF3409D /* libPods-WebServiceSwift.a */ = {isa = PBXFileReference; explicitFileType = archive.ar; includeInIndex = 0; path = "libPods-WebServiceSwift.a"; sourceTree = BUILT_PRODUCTS_DIR; };
		501D2ABD1F4E8DD0000E3FA3 /* WebServiceExample.app */ = {isa = PBXFileReference; explicitFileType = wrapper.application; includeInIndex = 0; path = WebServiceExample.app; sourceTree = BUILT_PRODUCTS_DIR; };
		501D2AC01F4E8DD0000E3FA3 /* AppDelegate.swift */ = {isa = PBXFileReference; lastKnownFileType = sourcecode.swift; path = AppDelegate.swift; sourceTree = "<group>"; };
		501D2AC21F4E8DD0000E3FA3 /* ViewController.swift */ = {isa = PBXFileReference; lastKnownFileType = sourcecode.swift; path = ViewController.swift; sourceTree = "<group>"; };
		501D2AC51F4E8DD0000E3FA3 /* Base */ = {isa = PBXFileReference; lastKnownFileType = file.storyboard; name = Base; path = Base.lproj/Main.storyboard; sourceTree = "<group>"; };
		501D2AC71F4E8DD0000E3FA3 /* Assets.xcassets */ = {isa = PBXFileReference; lastKnownFileType = folder.assetcatalog; path = Assets.xcassets; sourceTree = "<group>"; };
		501D2ACA1F4E8DD0000E3FA3 /* Base */ = {isa = PBXFileReference; lastKnownFileType = file.storyboard; name = Base; path = Base.lproj/LaunchScreen.storyboard; sourceTree = "<group>"; };
		501D2ACC1F4E8DD0000E3FA3 /* Info.plist */ = {isa = PBXFileReference; lastKnownFileType = text.plist.xml; path = Info.plist; sourceTree = "<group>"; };
		501D2AD71F4E8DF5000E3FA3 /* WebServiceSwift.framework */ = {isa = PBXFileReference; explicitFileType = wrapper.framework; includeInIndex = 0; path = WebServiceSwift.framework; sourceTree = BUILT_PRODUCTS_DIR; };
		501D2AD91F4E8DF5000E3FA3 /* WebService.h */ = {isa = PBXFileReference; lastKnownFileType = sourcecode.c.h; path = WebService.h; sourceTree = "<group>"; };
		501D2ADA1F4E8DF5000E3FA3 /* Info.plist */ = {isa = PBXFileReference; lastKnownFileType = text.plist.xml; path = Info.plist; sourceTree = "<group>"; };
		501D2AE41F4E8FA2000E3FA3 /* WebService.swift */ = {isa = PBXFileReference; fileEncoding = 4; lastKnownFileType = sourcecode.swift; path = WebService.swift; sourceTree = "<group>"; };
		501D2AEB1F4E92A1000E3FA3 /* WebServiceFileStorage.swift */ = {isa = PBXFileReference; fileEncoding = 4; lastKnownFileType = sourcecode.swift; path = WebServiceFileStorage.swift; sourceTree = "<group>"; };
		501D2AED1F4E9BE5000E3FA3 /* SiteWebServiceRequests.swift */ = {isa = PBXFileReference; fileEncoding = 4; lastKnownFileType = sourcecode.swift; path = SiteWebServiceRequests.swift; sourceTree = "<group>"; };
		501D2AEF1F4EA1EC000E3FA3 /* WebServiceHtmlGateway.swift */ = {isa = PBXFileReference; fileEncoding = 4; lastKnownFileType = sourcecode.swift; path = WebServiceHtmlGateway.swift; sourceTree = "<group>"; };
		5054625320C065DE00595948 /* AlamofireGateway.swift */ = {isa = PBXFileReference; fileEncoding = 4; lastKnownFileType = sourcecode.swift; path = AlamofireGateway.swift; sourceTree = "<group>"; };
		5054625620C066B500595948 /* PThreadMutexLock.swift */ = {isa = PBXFileReference; lastKnownFileType = sourcecode.swift; path = PThreadMutexLock.swift; sourceTree = "<group>"; };
		5054625920C1026800595948 /* AlamofireSimpleGateway.swift */ = {isa = PBXFileReference; lastKnownFileType = sourcecode.swift; path = AlamofireSimpleGateway.swift; sourceTree = "<group>"; };
		5054625B20C1884200595948 /* WebServiceSimpleGateway.swift */ = {isa = PBXFileReference; lastKnownFileType = sourcecode.swift; path = WebServiceSimpleGateway.swift; sourceTree = "<group>"; };
		505528A72107925800D57FC4 /* WebServiceHtmlV2Gateway.swift */ = {isa = PBXFileReference; lastKnownFileType = sourcecode.swift; path = WebServiceHtmlV2Gateway.swift; sourceTree = "<group>"; };
		507529A421032E61008A167A /* WebServiceDataBaseStorage.swift */ = {isa = PBXFileReference; lastKnownFileType = sourcecode.swift; path = WebServiceDataBaseStorage.swift; sourceTree = "<group>"; };
		507529A72103321A008A167A /* WebServiceDataBaseStorage.xcdatamodel */ = {isa = PBXFileReference; lastKnownFileType = wrapper.xcdatamodel; path = WebServiceDataBaseStorage.xcdatamodel; sourceTree = "<group>"; };
		50A1C664224D7365003A8554 /* Cartfile */ = {isa = PBXFileReference; fileEncoding = 4; lastKnownFileType = text; path = Cartfile; sourceTree = "<group>"; };
		50A9162420B09C4C00EA2E9D /* WebServiceSwift.podspec */ = {isa = PBXFileReference; explicitFileType = text.script.ruby; fileEncoding = 4; path = WebServiceSwift.podspec; sourceTree = "<group>"; xcLanguageSpecificationIdentifier = xcode.lang.ruby; };
		50AB6AAF20883C2F00C1E093 /* SiteWebProvider.swift */ = {isa = PBXFileReference; lastKnownFileType = sourcecode.swift; path = SiteWebProvider.swift; sourceTree = "<group>"; };
		50AB6AB120883F3100C1E093 /* WebService.swift */ = {isa = PBXFileReference; lastKnownFileType = sourcecode.swift; path = WebService.swift; sourceTree = "<group>"; };
		50BFAFF7208F4C8A007E8FBD /* RequestProvider.swift */ = {isa = PBXFileReference; lastKnownFileType = sourcecode.swift; path = RequestProvider.swift; sourceTree = "<group>"; };
		50D22B0A20D7F91800C44198 /* WebServiceMemoryStorage.swift */ = {isa = PBXFileReference; lastKnownFileType = sourcecode.swift; path = WebServiceMemoryStorage.swift; sourceTree = "<group>"; };
		50D22B0C20D8AE8600C44198 /* WebServiceMockRequestGateway.swift */ = {isa = PBXFileReference; lastKnownFileType = sourcecode.swift; path = WebServiceMockRequestGateway.swift; sourceTree = "<group>"; };
		50E9C1BE21077598003E6D4E /* SiteWebServiceHTMLHandler.swift */ = {isa = PBXFileReference; lastKnownFileType = sourcecode.swift; path = SiteWebServiceHTMLHandler.swift; sourceTree = "<group>"; };
		50E9C1C02107765A003E6D4E /* SiteWebServiceSimpleHandler.swift */ = {isa = PBXFileReference; lastKnownFileType = sourcecode.swift; path = SiteWebServiceSimpleHandler.swift; sourceTree = "<group>"; };
		50E9C1C221077730003E6D4E /* SiteWebServiceAlamofireHandler.swift */ = {isa = PBXFileReference; lastKnownFileType = sourcecode.swift; path = SiteWebServiceAlamofireHandler.swift; sourceTree = "<group>"; };
		50E9C1C4210777A7003E6D4E /* SiteWebServiceMock.swift */ = {isa = PBXFileReference; lastKnownFileType = sourcecode.swift; path = SiteWebServiceMock.swift; sourceTree = "<group>"; };
		50E9C1C621077979003E6D4E /* SiteWebServiceStoring.swift */ = {isa = PBXFileReference; lastKnownFileType = sourcecode.swift; path = SiteWebServiceStoring.swift; sourceTree = "<group>"; };
		50F0804F20AC843B00994710 /* README.md */ = {isa = PBXFileReference; fileEncoding = 4; lastKnownFileType = net.daringfireball.markdown; path = README.md; sourceTree = "<group>"; };
		50F4943120565FD1004F1E08 /* WebServiceMockGateway.swift */ = {isa = PBXFileReference; fileEncoding = 4; lastKnownFileType = sourcecode.swift; path = WebServiceMockGateway.swift; sourceTree = "<group>"; };
		83873141EF5334067DE0C2D6 /* Pods-WebServiceSwift.release.xcconfig */ = {isa = PBXFileReference; includeInIndex = 1; lastKnownFileType = text.xcconfig; name = "Pods-WebServiceSwift.release.xcconfig"; path = "Pods/Target Support Files/Pods-WebServiceSwift/Pods-WebServiceSwift.release.xcconfig"; sourceTree = "<group>"; };
		85924404FE98C539DF31A8DB /* Pods-WebServiceExample.debug.xcconfig */ = {isa = PBXFileReference; includeInIndex = 1; lastKnownFileType = text.xcconfig; name = "Pods-WebServiceExample.debug.xcconfig"; path = "Pods/Target Support Files/Pods-WebServiceExample/Pods-WebServiceExample.debug.xcconfig"; sourceTree = "<group>"; };
		8801FA562382F40A0058B26E /* DispatchQueueLock.swift */ = {isa = PBXFileReference; lastKnownFileType = sourcecode.swift; path = DispatchQueueLock.swift; sourceTree = "<group>"; };
		8810AF942335485600546DBF /* NetworkPerfomer.swift */ = {isa = PBXFileReference; lastKnownFileType = sourcecode.swift; path = NetworkPerfomer.swift; sourceTree = "<group>"; };
		8810AF962335493700546DBF /* NetworkRequestPerfomer.swift */ = {isa = PBXFileReference; lastKnownFileType = sourcecode.swift; path = NetworkRequestPerfomer.swift; sourceTree = "<group>"; };
		884F84D12301BA29000D20BE /* StoragesManager.swift */ = {isa = PBXFileReference; lastKnownFileType = sourcecode.swift; path = StoragesManager.swift; sourceTree = "<group>"; };
		884F862923058E6F000D20BE /* Tasks.swift */ = {isa = PBXFileReference; lastKnownFileType = sourcecode.swift; path = Tasks.swift; sourceTree = "<group>"; };
		8853EF2122EA0AF200C93531 /* GatewaysManager.swift */ = {isa = PBXFileReference; lastKnownFileType = sourcecode.swift; path = GatewaysManager.swift; sourceTree = "<group>"; };
		887612FA233515C200B27525 /* Requests.swift */ = {isa = PBXFileReference; lastKnownFileType = sourcecode.swift; path = Requests.swift; sourceTree = "<group>"; };
		887612FC233515F800B27525 /* Errors.swift */ = {isa = PBXFileReference; lastKnownFileType = sourcecode.swift; path = Errors.swift; sourceTree = "<group>"; };
		887612FE2335162700B27525 /* Response.swift */ = {isa = PBXFileReference; lastKnownFileType = sourcecode.swift; path = Response.swift; sourceTree = "<group>"; };
		888B5A22231D670800BCD804 /* Session.swift */ = {isa = PBXFileReference; lastKnownFileType = sourcecode.swift; path = Session.swift; sourceTree = "<group>"; };
		888B5A76231FD6ED00BCD804 /* TasksStorage.swift */ = {isa = PBXFileReference; lastKnownFileType = sourcecode.swift; path = TasksStorage.swift; sourceTree = "<group>"; };
		88B3D13122F88A720096B332 /* NetworkIndicator.swift */ = {isa = PBXFileReference; lastKnownFileType = sourcecode.swift; path = NetworkIndicator.swift; sourceTree = "<group>"; };
		88C8532423351765002E883B /* RequestFilter.swift */ = {isa = PBXFileReference; lastKnownFileType = sourcecode.swift; path = RequestFilter.swift; sourceTree = "<group>"; };
		88C85326233517DE002E883B /* GeneralTypes.swift */ = {isa = PBXFileReference; lastKnownFileType = sourcecode.swift; path = GeneralTypes.swift; sourceTree = "<group>"; };
		88E597CB22DE2CBE00CDAA90 /* Gateway.swift */ = {isa = PBXFileReference; lastKnownFileType = sourcecode.swift; path = Gateway.swift; sourceTree = "<group>"; };
		88E597CD22DE792500CDAA90 /* Storage.swift */ = {isa = PBXFileReference; lastKnownFileType = sourcecode.swift; path = Storage.swift; sourceTree = "<group>"; };
		88E59A7522E85AB100CDAA90 /* CommonStoring.swift */ = {isa = PBXFileReference; lastKnownFileType = sourcecode.swift; path = CommonStoring.swift; sourceTree = "<group>"; };
		918173D2DBEB2D8E5D5A88E4 /* Pods-WebServiceSwift.debug.xcconfig */ = {isa = PBXFileReference; includeInIndex = 1; lastKnownFileType = text.xcconfig; name = "Pods-WebServiceSwift.debug.xcconfig"; path = "Pods/Target Support Files/Pods-WebServiceSwift/Pods-WebServiceSwift.debug.xcconfig"; sourceTree = "<group>"; };
		F4B8A17FA11DD9EA2D2B9A1B /* Pods-WebServiceExample.release.xcconfig */ = {isa = PBXFileReference; includeInIndex = 1; lastKnownFileType = text.xcconfig; name = "Pods-WebServiceExample.release.xcconfig"; path = "Pods/Target Support Files/Pods-WebServiceExample/Pods-WebServiceExample.release.xcconfig"; sourceTree = "<group>"; };
/* End PBXFileReference section */

/* Begin PBXFrameworksBuildPhase section */
		501D2ABA1F4E8DD0000E3FA3 /* Frameworks */ = {
			isa = PBXFrameworksBuildPhase;
			buildActionMask = 2147483647;
			files = (
				501D2ADE1F4E8DF5000E3FA3 /* WebServiceSwift.framework in Frameworks */,
				61461D4A3EF74DD8EA170CF1 /* libPods-WebServiceExample.a in Frameworks */,
			);
			runOnlyForDeploymentPostprocessing = 0;
		};
		501D2AD31F4E8DF5000E3FA3 /* Frameworks */ = {
			isa = PBXFrameworksBuildPhase;
			buildActionMask = 2147483647;
			files = (
				F7FE9D6708B7621E6DEBF692 /* libPods-WebServiceSwift.a in Frameworks */,
			);
			runOnlyForDeploymentPostprocessing = 0;
		};
/* End PBXFrameworksBuildPhase section */

/* Begin PBXGroup section */
		0E769F3A21F08DB0F5EF4C51 /* Frameworks */ = {
			isa = PBXGroup;
			children = (
				097DC5181F8BC28E4BC049B9 /* libPods-WebServiceExample.a */,
				24A0CD2C446B67E36EF3409D /* libPods-WebServiceSwift.a */,
			);
			name = Frameworks;
			sourceTree = "<group>";
		};
		501D2AB41F4E8DD0000E3FA3 = {
			isa = PBXGroup;
			children = (
				50A9162420B09C4C00EA2E9D /* WebServiceSwift.podspec */,
				50A1C664224D7365003A8554 /* Cartfile */,
				50F0804F20AC843B00994710 /* README.md */,
				501D2ABF1F4E8DD0000E3FA3 /* Example */,
				501D2AD81F4E8DF5000E3FA3 /* Source */,
				501D2ABE1F4E8DD0000E3FA3 /* Products */,
				9D14E7A17010FD744AF284AD /* Pods */,
				0E769F3A21F08DB0F5EF4C51 /* Frameworks */,
			);
			sourceTree = "<group>";
		};
		501D2ABE1F4E8DD0000E3FA3 /* Products */ = {
			isa = PBXGroup;
			children = (
				501D2ABD1F4E8DD0000E3FA3 /* WebServiceExample.app */,
				501D2AD71F4E8DF5000E3FA3 /* WebServiceSwift.framework */,
			);
			name = Products;
			sourceTree = "<group>";
		};
		501D2ABF1F4E8DD0000E3FA3 /* Example */ = {
			isa = PBXGroup;
			children = (
				501D2AC01F4E8DD0000E3FA3 /* AppDelegate.swift */,
				501D2AC41F4E8DD0000E3FA3 /* Main.storyboard */,
				501D2AC21F4E8DD0000E3FA3 /* ViewController.swift */,
				50AB6AAF20883C2F00C1E093 /* SiteWebProvider.swift */,
				50AB6AB420883FFA00C1E093 /* WebService */,
				50AB6AB52088404300C1E093 /* SiteWebServiceRequests */,
				50AB6AB320883F9E00C1E093 /* Support */,
			);
			name = Example;
			path = WebServiceExample;
			sourceTree = "<group>";
		};
		501D2AD81F4E8DF5000E3FA3 /* Source */ = {
			isa = PBXGroup;
			children = (
				501D2AD91F4E8DF5000E3FA3 /* WebService.h */,
				501D2ADA1F4E8DF5000E3FA3 /* Info.plist */,
				887612FA233515C200B27525 /* Requests.swift */,
				88E59A7522E85AB100CDAA90 /* CommonStoring.swift */,
				887612FC233515F800B27525 /* Errors.swift */,
				887612FE2335162700B27525 /* Response.swift */,
				88C8532423351765002E883B /* RequestFilter.swift */,
				88C85326233517DE002E883B /* GeneralTypes.swift */,
				884F862923058E6F000D20BE /* Tasks.swift */,
				888B5A22231D670800BCD804 /* Session.swift */,
				8810AF942335485600546DBF /* NetworkPerfomer.swift */,
				8810AF962335493700546DBF /* NetworkRequestPerfomer.swift */,
				88E597CB22DE2CBE00CDAA90 /* Gateway.swift */,
				88E597CD22DE792500CDAA90 /* Storage.swift */,
				88B3D13122F88A720096B332 /* NetworkIndicator.swift */,
				8853EF2122EA0AF200C93531 /* GatewaysManager.swift */,
				884F84D12301BA29000D20BE /* StoragesManager.swift */,
				888B5A76231FD6ED00BCD804 /* TasksStorage.swift */,
				8801FA562382F40A0058B26E /* DispatchQueueLock.swift */,
				50D22B0E20DA9FA000C44198 /* General */,
				5054625220C065B200595948 /* Alamofire */,
			);
			path = Source;
			sourceTree = "<group>";
		};
		5054625220C065B200595948 /* Alamofire */ = {
			isa = PBXGroup;
			children = (
				5054625320C065DE00595948 /* AlamofireGateway.swift */,
				5054625920C1026800595948 /* AlamofireSimpleGateway.swift */,
			);
			path = Alamofire;
			sourceTree = "<group>";
		};
		50AB6AB320883F9E00C1E093 /* Support */ = {
			isa = PBXGroup;
			children = (
				501D2AC71F4E8DD0000E3FA3 /* Assets.xcassets */,
				501D2AC91F4E8DD0000E3FA3 /* LaunchScreen.storyboard */,
				501D2ACC1F4E8DD0000E3FA3 /* Info.plist */,
			);
			name = Support;
			sourceTree = "<group>";
		};
		50AB6AB420883FFA00C1E093 /* WebService */ = {
			isa = PBXGroup;
			children = (
				50AB6AB120883F3100C1E093 /* WebService.swift */,
				501D2AEF1F4EA1EC000E3FA3 /* WebServiceHtmlGateway.swift */,
				505528A72107925800D57FC4 /* WebServiceHtmlV2Gateway.swift */,
			);
			path = WebService;
			sourceTree = "<group>";
		};
		50AB6AB52088404300C1E093 /* SiteWebServiceRequests */ = {
			isa = PBXGroup;
			children = (
				501D2AED1F4E9BE5000E3FA3 /* SiteWebServiceRequests.swift */,
				50E9C1C621077979003E6D4E /* SiteWebServiceStoring.swift */,
				50E9C1BE21077598003E6D4E /* SiteWebServiceHTMLHandler.swift */,
				50E9C1C02107765A003E6D4E /* SiteWebServiceSimpleHandler.swift */,
				50E9C1C221077730003E6D4E /* SiteWebServiceAlamofireHandler.swift */,
				50E9C1C4210777A7003E6D4E /* SiteWebServiceMock.swift */,
			);
			path = SiteWebServiceRequests;
			sourceTree = "<group>";
		};
		50D22B0E20DA9FA000C44198 /* General */ = {
			isa = PBXGroup;
			children = (
				5054625620C066B500595948 /* PThreadMutexLock.swift */,
				50BFAFF7208F4C8A007E8FBD /* RequestProvider.swift */,
				501D2AE41F4E8FA2000E3FA3 /* WebService.swift */,
				50D22B0A20D7F91800C44198 /* WebServiceMemoryStorage.swift */,
				501D2AEB1F4E92A1000E3FA3 /* WebServiceFileStorage.swift */,
				507529A421032E61008A167A /* WebServiceDataBaseStorage.swift */,
				50F4943120565FD1004F1E08 /* WebServiceMockGateway.swift */,
				50D22B0C20D8AE8600C44198 /* WebServiceMockRequestGateway.swift */,
				5054625B20C1884200595948 /* WebServiceSimpleGateway.swift */,
				507529A62103321A008A167A /* WebServiceDataBaseStorage.xcdatamodeld */,
			);
			path = General;
			sourceTree = "<group>";
		};
		9D14E7A17010FD744AF284AD /* Pods */ = {
			isa = PBXGroup;
			children = (
				85924404FE98C539DF31A8DB /* Pods-WebServiceExample.debug.xcconfig */,
				F4B8A17FA11DD9EA2D2B9A1B /* Pods-WebServiceExample.release.xcconfig */,
				918173D2DBEB2D8E5D5A88E4 /* Pods-WebServiceSwift.debug.xcconfig */,
				83873141EF5334067DE0C2D6 /* Pods-WebServiceSwift.release.xcconfig */,
			);
			name = Pods;
			sourceTree = "<group>";
		};
/* End PBXGroup section */

/* Begin PBXHeadersBuildPhase section */
		501D2AD41F4E8DF5000E3FA3 /* Headers */ = {
			isa = PBXHeadersBuildPhase;
			buildActionMask = 2147483647;
			files = (
				501D2ADB1F4E8DF5000E3FA3 /* WebService.h in Headers */,
			);
			runOnlyForDeploymentPostprocessing = 0;
		};
/* End PBXHeadersBuildPhase section */

/* Begin PBXNativeTarget section */
		501D2ABC1F4E8DD0000E3FA3 /* WebServiceExample */ = {
			isa = PBXNativeTarget;
			buildConfigurationList = 501D2ACF1F4E8DD0000E3FA3 /* Build configuration list for PBXNativeTarget "WebServiceExample" */;
			buildPhases = (
				066A69ACB33EE5C5A3534948 /* [CP] Check Pods Manifest.lock */,
				501D2AB91F4E8DD0000E3FA3 /* Sources */,
				501D2ABA1F4E8DD0000E3FA3 /* Frameworks */,
				501D2ABB1F4E8DD0000E3FA3 /* Resources */,
				501D2AE31F4E8DF5000E3FA3 /* Embed Frameworks */,
			);
			buildRules = (
			);
			dependencies = (
				501D2ADD1F4E8DF5000E3FA3 /* PBXTargetDependency */,
			);
			name = WebServiceExample;
			productName = WebServiceExample;
			productReference = 501D2ABD1F4E8DD0000E3FA3 /* WebServiceExample.app */;
			productType = "com.apple.product-type.application";
		};
		501D2AD61F4E8DF5000E3FA3 /* WebServiceSwift */ = {
			isa = PBXNativeTarget;
			buildConfigurationList = 501D2AE01F4E8DF5000E3FA3 /* Build configuration list for PBXNativeTarget "WebServiceSwift" */;
			buildPhases = (
				69A47ED8837A94E008DAD2B6 /* [CP] Check Pods Manifest.lock */,
				501D2AD21F4E8DF5000E3FA3 /* Sources */,
				501D2AD31F4E8DF5000E3FA3 /* Frameworks */,
				501D2AD41F4E8DF5000E3FA3 /* Headers */,
				501D2AD51F4E8DF5000E3FA3 /* Resources */,
			);
			buildRules = (
			);
			dependencies = (
			);
			name = WebServiceSwift;
			productName = WebService;
			productReference = 501D2AD71F4E8DF5000E3FA3 /* WebServiceSwift.framework */;
			productType = "com.apple.product-type.framework";
		};
/* End PBXNativeTarget section */

/* Begin PBXProject section */
		501D2AB51F4E8DD0000E3FA3 /* Project object */ = {
			isa = PBXProject;
			attributes = {
				LastSwiftUpdateCheck = 0830;
				LastUpgradeCheck = 1020;
				ORGANIZATIONNAME = ProVir;
				TargetAttributes = {
					501D2ABC1F4E8DD0000E3FA3 = {
						CreatedOnToolsVersion = 8.3.3;
						LastSwiftMigration = 1020;
						ProvisioningStyle = Manual;
					};
					501D2AD61F4E8DF5000E3FA3 = {
						CreatedOnToolsVersion = 8.3.3;
						LastSwiftMigration = 1020;
						ProvisioningStyle = Manual;
					};
				};
			};
			buildConfigurationList = 501D2AB81F4E8DD0000E3FA3 /* Build configuration list for PBXProject "WebServiceExample" */;
			compatibilityVersion = "Xcode 3.2";
			developmentRegion = en;
			hasScannedForEncodings = 0;
			knownRegions = (
				en,
				Base,
			);
			mainGroup = 501D2AB41F4E8DD0000E3FA3;
			productRefGroup = 501D2ABE1F4E8DD0000E3FA3 /* Products */;
			projectDirPath = "";
			projectRoot = "";
			targets = (
				501D2ABC1F4E8DD0000E3FA3 /* WebServiceExample */,
				501D2AD61F4E8DF5000E3FA3 /* WebServiceSwift */,
			);
		};
/* End PBXProject section */

/* Begin PBXResourcesBuildPhase section */
		501D2ABB1F4E8DD0000E3FA3 /* Resources */ = {
			isa = PBXResourcesBuildPhase;
			buildActionMask = 2147483647;
			files = (
				501D2ACB1F4E8DD0000E3FA3 /* LaunchScreen.storyboard in Resources */,
				501D2AC81F4E8DD0000E3FA3 /* Assets.xcassets in Resources */,
				501D2AC61F4E8DD0000E3FA3 /* Main.storyboard in Resources */,
			);
			runOnlyForDeploymentPostprocessing = 0;
		};
		501D2AD51F4E8DF5000E3FA3 /* Resources */ = {
			isa = PBXResourcesBuildPhase;
			buildActionMask = 2147483647;
			files = (
			);
			runOnlyForDeploymentPostprocessing = 0;
		};
/* End PBXResourcesBuildPhase section */

/* Begin PBXShellScriptBuildPhase section */
		066A69ACB33EE5C5A3534948 /* [CP] Check Pods Manifest.lock */ = {
			isa = PBXShellScriptBuildPhase;
			buildActionMask = 2147483647;
			files = (
			);
			inputPaths = (
				"${PODS_PODFILE_DIR_PATH}/Podfile.lock",
				"${PODS_ROOT}/Manifest.lock",
			);
			name = "[CP] Check Pods Manifest.lock";
			outputPaths = (
				"$(DERIVED_FILE_DIR)/Pods-WebServiceExample-checkManifestLockResult.txt",
			);
			runOnlyForDeploymentPostprocessing = 0;
			shellPath = /bin/sh;
			shellScript = "diff \"${PODS_PODFILE_DIR_PATH}/Podfile.lock\" \"${PODS_ROOT}/Manifest.lock\" > /dev/null\nif [ $? != 0 ] ; then\n    # print error to STDERR\n    echo \"error: The sandbox is not in sync with the Podfile.lock. Run 'pod install' or update your CocoaPods installation.\" >&2\n    exit 1\nfi\n# This output is used by Xcode 'outputs' to avoid re-running this script phase.\necho \"SUCCESS\" > \"${SCRIPT_OUTPUT_FILE_0}\"\n";
			showEnvVarsInLog = 0;
		};
		69A47ED8837A94E008DAD2B6 /* [CP] Check Pods Manifest.lock */ = {
			isa = PBXShellScriptBuildPhase;
			buildActionMask = 2147483647;
			files = (
			);
			inputPaths = (
				"${PODS_PODFILE_DIR_PATH}/Podfile.lock",
				"${PODS_ROOT}/Manifest.lock",
			);
			name = "[CP] Check Pods Manifest.lock";
			outputPaths = (
				"$(DERIVED_FILE_DIR)/Pods-WebServiceSwift-checkManifestLockResult.txt",
			);
			runOnlyForDeploymentPostprocessing = 0;
			shellPath = /bin/sh;
			shellScript = "diff \"${PODS_PODFILE_DIR_PATH}/Podfile.lock\" \"${PODS_ROOT}/Manifest.lock\" > /dev/null\nif [ $? != 0 ] ; then\n    # print error to STDERR\n    echo \"error: The sandbox is not in sync with the Podfile.lock. Run 'pod install' or update your CocoaPods installation.\" >&2\n    exit 1\nfi\n# This output is used by Xcode 'outputs' to avoid re-running this script phase.\necho \"SUCCESS\" > \"${SCRIPT_OUTPUT_FILE_0}\"\n";
			showEnvVarsInLog = 0;
		};
/* End PBXShellScriptBuildPhase section */

/* Begin PBXSourcesBuildPhase section */
		501D2AB91F4E8DD0000E3FA3 /* Sources */ = {
			isa = PBXSourcesBuildPhase;
			buildActionMask = 2147483647;
			files = (
				50E9C1C721077979003E6D4E /* SiteWebServiceStoring.swift in Sources */,
				50E9C1C321077730003E6D4E /* SiteWebServiceAlamofireHandler.swift in Sources */,
				505528A82107925800D57FC4 /* WebServiceHtmlV2Gateway.swift in Sources */,
				50E9C1C12107765A003E6D4E /* SiteWebServiceSimpleHandler.swift in Sources */,
				50E9C1BF21077598003E6D4E /* SiteWebServiceHTMLHandler.swift in Sources */,
				50AB6AB220883F3100C1E093 /* WebService.swift in Sources */,
				501D2AF11F518762000E3FA3 /* SiteWebServiceRequests.swift in Sources */,
				50AB6AB020883C2F00C1E093 /* SiteWebProvider.swift in Sources */,
				501D2AC31F4E8DD0000E3FA3 /* ViewController.swift in Sources */,
				50E9C1C5210777A7003E6D4E /* SiteWebServiceMock.swift in Sources */,
				501D2AF21F5188CC000E3FA3 /* WebServiceHtmlGateway.swift in Sources */,
				501D2AC11F4E8DD0000E3FA3 /* AppDelegate.swift in Sources */,
			);
			runOnlyForDeploymentPostprocessing = 0;
		};
		501D2AD21F4E8DF5000E3FA3 /* Sources */ = {
			isa = PBXSourcesBuildPhase;
			buildActionMask = 2147483647;
			files = (
				888B5A5A231D6DBA00BCD804 /* Session.swift in Sources */,
				88B3D13222F88A720096B332 /* NetworkIndicator.swift in Sources */,
				884F862A23058E6F000D20BE /* Tasks.swift in Sources */,
				88C85327233517DE002E883B /* GeneralTypes.swift in Sources */,
				8843E6F923181C6D00131390 /* Gateway.swift in Sources */,
				884F84D22301BA29000D20BE /* StoragesManager.swift in Sources */,
				887612FF2335162700B27525 /* Response.swift in Sources */,
				8843E6FB2318233E00131390 /* CommonStoring.swift in Sources */,
				8810AF972335493700546DBF /* NetworkRequestPerfomer.swift in Sources */,
				887612FD233515F800B27525 /* Errors.swift in Sources */,
				888B5A77231FD6ED00BCD804 /* TasksStorage.swift in Sources */,
				8801FA572382F40A0058B26E /* DispatchQueueLock.swift in Sources */,
				8810AF952335485600546DBF /* NetworkPerfomer.swift in Sources */,
				8853EF2222EA0AF200C93531 /* GatewaysManager.swift in Sources */,
				88C8532523351765002E883B /* RequestFilter.swift in Sources */,
				887612FB233515C300B27525 /* Requests.swift in Sources */,
				8843E6FA23181C6F00131390 /* Storage.swift in Sources */,
			);
			runOnlyForDeploymentPostprocessing = 0;
		};
/* End PBXSourcesBuildPhase section */

/* Begin PBXTargetDependency section */
		501D2ADD1F4E8DF5000E3FA3 /* PBXTargetDependency */ = {
			isa = PBXTargetDependency;
			target = 501D2AD61F4E8DF5000E3FA3 /* WebServiceSwift */;
			targetProxy = 501D2ADC1F4E8DF5000E3FA3 /* PBXContainerItemProxy */;
		};
/* End PBXTargetDependency section */

/* Begin PBXVariantGroup section */
		501D2AC41F4E8DD0000E3FA3 /* Main.storyboard */ = {
			isa = PBXVariantGroup;
			children = (
				501D2AC51F4E8DD0000E3FA3 /* Base */,
			);
			name = Main.storyboard;
			sourceTree = "<group>";
		};
		501D2AC91F4E8DD0000E3FA3 /* LaunchScreen.storyboard */ = {
			isa = PBXVariantGroup;
			children = (
				501D2ACA1F4E8DD0000E3FA3 /* Base */,
			);
			name = LaunchScreen.storyboard;
			sourceTree = "<group>";
		};
/* End PBXVariantGroup section */

/* Begin XCBuildConfiguration section */
		501D2ACD1F4E8DD0000E3FA3 /* Debug */ = {
			isa = XCBuildConfiguration;
			buildSettings = {
				ALWAYS_SEARCH_USER_PATHS = NO;
				CLANG_ANALYZER_NONNULL = YES;
				CLANG_ANALYZER_NUMBER_OBJECT_CONVERSION = YES_AGGRESSIVE;
				CLANG_CXX_LANGUAGE_STANDARD = "gnu++0x";
				CLANG_CXX_LIBRARY = "libc++";
				CLANG_ENABLE_MODULES = YES;
				CLANG_ENABLE_OBJC_ARC = YES;
				CLANG_WARN_BLOCK_CAPTURE_AUTORELEASING = YES;
				CLANG_WARN_BOOL_CONVERSION = YES;
				CLANG_WARN_COMMA = YES;
				CLANG_WARN_CONSTANT_CONVERSION = YES;
				CLANG_WARN_DEPRECATED_OBJC_IMPLEMENTATIONS = YES;
				CLANG_WARN_DIRECT_OBJC_ISA_USAGE = YES_ERROR;
				CLANG_WARN_DOCUMENTATION_COMMENTS = YES;
				CLANG_WARN_EMPTY_BODY = YES;
				CLANG_WARN_ENUM_CONVERSION = YES;
				CLANG_WARN_INFINITE_RECURSION = YES;
				CLANG_WARN_INT_CONVERSION = YES;
				CLANG_WARN_NON_LITERAL_NULL_CONVERSION = YES;
				CLANG_WARN_OBJC_IMPLICIT_RETAIN_SELF = YES;
				CLANG_WARN_OBJC_LITERAL_CONVERSION = YES;
				CLANG_WARN_OBJC_ROOT_CLASS = YES_ERROR;
				CLANG_WARN_RANGE_LOOP_ANALYSIS = YES;
				CLANG_WARN_STRICT_PROTOTYPES = YES;
				CLANG_WARN_SUSPICIOUS_MOVE = YES;
				CLANG_WARN_UNREACHABLE_CODE = YES;
				CLANG_WARN__DUPLICATE_METHOD_MATCH = YES;
				"CODE_SIGN_IDENTITY[sdk=iphoneos*]" = "iPhone Developer";
				COPY_PHASE_STRIP = NO;
				DEBUG_INFORMATION_FORMAT = dwarf;
				ENABLE_STRICT_OBJC_MSGSEND = YES;
				ENABLE_TESTABILITY = YES;
				GCC_C_LANGUAGE_STANDARD = gnu99;
				GCC_DYNAMIC_NO_PIC = NO;
				GCC_NO_COMMON_BLOCKS = YES;
				GCC_OPTIMIZATION_LEVEL = 0;
				GCC_PREPROCESSOR_DEFINITIONS = (
					"DEBUG=1",
					"$(inherited)",
				);
				GCC_WARN_64_TO_32_BIT_CONVERSION = YES;
				GCC_WARN_ABOUT_RETURN_TYPE = YES_ERROR;
				GCC_WARN_UNDECLARED_SELECTOR = YES;
				GCC_WARN_UNINITIALIZED_AUTOS = YES_AGGRESSIVE;
				GCC_WARN_UNUSED_FUNCTION = YES;
				GCC_WARN_UNUSED_VARIABLE = YES;
				IPHONEOS_DEPLOYMENT_TARGET = 10.0;
				MTL_ENABLE_DEBUG_INFO = YES;
				ONLY_ACTIVE_ARCH = YES;
				SDKROOT = iphoneos;
				SWIFT_ACTIVE_COMPILATION_CONDITIONS = DEBUG;
				SWIFT_OPTIMIZATION_LEVEL = "-Onone";
				SWIFT_VERSION = 5.0;
				TARGETED_DEVICE_FAMILY = "1,2";
			};
			name = Debug;
		};
		501D2ACE1F4E8DD0000E3FA3 /* Release */ = {
			isa = XCBuildConfiguration;
			buildSettings = {
				ALWAYS_SEARCH_USER_PATHS = NO;
				CLANG_ANALYZER_NONNULL = YES;
				CLANG_ANALYZER_NUMBER_OBJECT_CONVERSION = YES_AGGRESSIVE;
				CLANG_CXX_LANGUAGE_STANDARD = "gnu++0x";
				CLANG_CXX_LIBRARY = "libc++";
				CLANG_ENABLE_MODULES = YES;
				CLANG_ENABLE_OBJC_ARC = YES;
				CLANG_WARN_BLOCK_CAPTURE_AUTORELEASING = YES;
				CLANG_WARN_BOOL_CONVERSION = YES;
				CLANG_WARN_COMMA = YES;
				CLANG_WARN_CONSTANT_CONVERSION = YES;
				CLANG_WARN_DEPRECATED_OBJC_IMPLEMENTATIONS = YES;
				CLANG_WARN_DIRECT_OBJC_ISA_USAGE = YES_ERROR;
				CLANG_WARN_DOCUMENTATION_COMMENTS = YES;
				CLANG_WARN_EMPTY_BODY = YES;
				CLANG_WARN_ENUM_CONVERSION = YES;
				CLANG_WARN_INFINITE_RECURSION = YES;
				CLANG_WARN_INT_CONVERSION = YES;
				CLANG_WARN_NON_LITERAL_NULL_CONVERSION = YES;
				CLANG_WARN_OBJC_IMPLICIT_RETAIN_SELF = YES;
				CLANG_WARN_OBJC_LITERAL_CONVERSION = YES;
				CLANG_WARN_OBJC_ROOT_CLASS = YES_ERROR;
				CLANG_WARN_RANGE_LOOP_ANALYSIS = YES;
				CLANG_WARN_STRICT_PROTOTYPES = YES;
				CLANG_WARN_SUSPICIOUS_MOVE = YES;
				CLANG_WARN_UNREACHABLE_CODE = YES;
				CLANG_WARN__DUPLICATE_METHOD_MATCH = YES;
				"CODE_SIGN_IDENTITY[sdk=iphoneos*]" = "iPhone Developer";
				COPY_PHASE_STRIP = NO;
				DEBUG_INFORMATION_FORMAT = "dwarf-with-dsym";
				ENABLE_NS_ASSERTIONS = NO;
				ENABLE_STRICT_OBJC_MSGSEND = YES;
				GCC_C_LANGUAGE_STANDARD = gnu99;
				GCC_NO_COMMON_BLOCKS = YES;
				GCC_WARN_64_TO_32_BIT_CONVERSION = YES;
				GCC_WARN_ABOUT_RETURN_TYPE = YES_ERROR;
				GCC_WARN_UNDECLARED_SELECTOR = YES;
				GCC_WARN_UNINITIALIZED_AUTOS = YES_AGGRESSIVE;
				GCC_WARN_UNUSED_FUNCTION = YES;
				GCC_WARN_UNUSED_VARIABLE = YES;
				IPHONEOS_DEPLOYMENT_TARGET = 10.0;
				MTL_ENABLE_DEBUG_INFO = NO;
				SDKROOT = iphoneos;
				SWIFT_OPTIMIZATION_LEVEL = "-Owholemodule";
				SWIFT_VERSION = 5.0;
				TARGETED_DEVICE_FAMILY = "1,2";
				VALIDATE_PRODUCT = YES;
			};
			name = Release;
		};
		501D2AD01F4E8DD0000E3FA3 /* Debug */ = {
			isa = XCBuildConfiguration;
			baseConfigurationReference = 85924404FE98C539DF31A8DB /* Pods-WebServiceExample.debug.xcconfig */;
			buildSettings = {
				ASSETCATALOG_COMPILER_APPICON_NAME = AppIcon;
				"CODE_SIGN_IDENTITY[sdk=iphoneos*]" = "iPhone Developer";
				DEVELOPMENT_TEAM = "";
				INFOPLIST_FILE = WebServiceExample/Info.plist;
				LD_RUNPATH_SEARCH_PATHS = "$(inherited) @executable_path/Frameworks";
				PRODUCT_BUNDLE_IDENTIFIER = ru.provir.WebServiceExample;
				PRODUCT_NAME = "$(TARGET_NAME)";
				PROVISIONING_PROFILE_SPECIFIER = "";
			};
			name = Debug;
		};
		501D2AD11F4E8DD0000E3FA3 /* Release */ = {
			isa = XCBuildConfiguration;
			baseConfigurationReference = F4B8A17FA11DD9EA2D2B9A1B /* Pods-WebServiceExample.release.xcconfig */;
			buildSettings = {
				ASSETCATALOG_COMPILER_APPICON_NAME = AppIcon;
				"CODE_SIGN_IDENTITY[sdk=iphoneos*]" = "iPhone Developer";
				DEVELOPMENT_TEAM = "";
				INFOPLIST_FILE = WebServiceExample/Info.plist;
				LD_RUNPATH_SEARCH_PATHS = "$(inherited) @executable_path/Frameworks";
				PRODUCT_BUNDLE_IDENTIFIER = ru.provir.WebServiceExample;
				PRODUCT_NAME = "$(TARGET_NAME)";
				PROVISIONING_PROFILE_SPECIFIER = "";
			};
			name = Release;
		};
		501D2AE11F4E8DF5000E3FA3 /* Debug */ = {
			isa = XCBuildConfiguration;
			baseConfigurationReference = 918173D2DBEB2D8E5D5A88E4 /* Pods-WebServiceSwift.debug.xcconfig */;
			buildSettings = {
				CLANG_ENABLE_MODULES = YES;
				CODE_SIGN_IDENTITY = "";
				"CODE_SIGN_IDENTITY[sdk=iphoneos*]" = "";
				CURRENT_PROJECT_VERSION = 1;
				DEFINES_MODULE = YES;
				DEVELOPMENT_TEAM = "";
				DYLIB_COMPATIBILITY_VERSION = 1;
				DYLIB_CURRENT_VERSION = 1;
				DYLIB_INSTALL_NAME_BASE = "@rpath";
				INFOPLIST_FILE = "$(SRCROOT)/Source/Info.plist";
				INSTALL_PATH = "$(LOCAL_LIBRARY_DIR)/Frameworks";
				LD_RUNPATH_SEARCH_PATHS = "$(inherited) @executable_path/Frameworks @loader_path/Frameworks";
				PRODUCT_BUNDLE_IDENTIFIER = ru.provir.WebServiceSwift;
				PRODUCT_NAME = "$(TARGET_NAME)";
				PROVISIONING_PROFILE_SPECIFIER = "";
				SKIP_INSTALL = YES;
				SWIFT_OPTIMIZATION_LEVEL = "-Onone";
				VERSIONING_SYSTEM = "apple-generic";
				VERSION_INFO_PREFIX = "";
			};
			name = Debug;
		};
		501D2AE21F4E8DF5000E3FA3 /* Release */ = {
			isa = XCBuildConfiguration;
			baseConfigurationReference = 83873141EF5334067DE0C2D6 /* Pods-WebServiceSwift.release.xcconfig */;
			buildSettings = {
				CLANG_ENABLE_MODULES = YES;
				CODE_SIGN_IDENTITY = "";
				"CODE_SIGN_IDENTITY[sdk=iphoneos*]" = "";
				CURRENT_PROJECT_VERSION = 1;
				DEFINES_MODULE = YES;
				DEVELOPMENT_TEAM = "";
				DYLIB_COMPATIBILITY_VERSION = 1;
				DYLIB_CURRENT_VERSION = 1;
				DYLIB_INSTALL_NAME_BASE = "@rpath";
				INFOPLIST_FILE = "$(SRCROOT)/Source/Info.plist";
				INSTALL_PATH = "$(LOCAL_LIBRARY_DIR)/Frameworks";
				LD_RUNPATH_SEARCH_PATHS = "$(inherited) @executable_path/Frameworks @loader_path/Frameworks";
				PRODUCT_BUNDLE_IDENTIFIER = ru.provir.WebServiceSwift;
				PRODUCT_NAME = "$(TARGET_NAME)";
				PROVISIONING_PROFILE_SPECIFIER = "";
				SKIP_INSTALL = YES;
				VERSIONING_SYSTEM = "apple-generic";
				VERSION_INFO_PREFIX = "";
			};
			name = Release;
		};
/* End XCBuildConfiguration section */

/* Begin XCConfigurationList section */
		501D2AB81F4E8DD0000E3FA3 /* Build configuration list for PBXProject "WebServiceExample" */ = {
			isa = XCConfigurationList;
			buildConfigurations = (
				501D2ACD1F4E8DD0000E3FA3 /* Debug */,
				501D2ACE1F4E8DD0000E3FA3 /* Release */,
			);
			defaultConfigurationIsVisible = 0;
			defaultConfigurationName = Release;
		};
		501D2ACF1F4E8DD0000E3FA3 /* Build configuration list for PBXNativeTarget "WebServiceExample" */ = {
			isa = XCConfigurationList;
			buildConfigurations = (
				501D2AD01F4E8DD0000E3FA3 /* Debug */,
				501D2AD11F4E8DD0000E3FA3 /* Release */,
			);
			defaultConfigurationIsVisible = 0;
			defaultConfigurationName = Release;
		};
		501D2AE01F4E8DF5000E3FA3 /* Build configuration list for PBXNativeTarget "WebServiceSwift" */ = {
			isa = XCConfigurationList;
			buildConfigurations = (
				501D2AE11F4E8DF5000E3FA3 /* Debug */,
				501D2AE21F4E8DF5000E3FA3 /* Release */,
			);
			defaultConfigurationIsVisible = 0;
			defaultConfigurationName = Release;
		};
/* End XCConfigurationList section */

/* Begin XCVersionGroup section */
		507529A62103321A008A167A /* WebServiceDataBaseStorage.xcdatamodeld */ = {
			isa = XCVersionGroup;
			children = (
				507529A72103321A008A167A /* WebServiceDataBaseStorage.xcdatamodel */,
			);
			currentVersion = 507529A72103321A008A167A /* WebServiceDataBaseStorage.xcdatamodel */;
			path = WebServiceDataBaseStorage.xcdatamodeld;
			sourceTree = "<group>";
			versionGroupType = wrapper.xcdatamodel;
		};
/* End XCVersionGroup section */
	};
	rootObject = 501D2AB51F4E8DD0000E3FA3 /* Project object */;
}
